
Microsoft Visual Studio Solution File, Format Version 12.00
# Visual Studio 15
VisualStudioVersion = 15.0.27130.2010
MinimumVisualStudioVersion = 10.0.40219.1
Project("{FAE04EC0-301F-11D3-BF4B-00C04F79EFBC}") = "SpectrumSampleApp.Core", "src\SpectrumSampleApp.Core\SpectrumSampleApp.Core.csproj", "{CC7683D3-5B4F-49C5-A895-886B6396677B}"
EndProject
Project("{FAE04EC0-301F-11D3-BF4B-00C04F79EFBC}") = "SpectrumSampleApp.UI", "src\SpectrumSampleApp.UI\SpectrumSampleApp.UI.csproj", "{AE2B3B6C-FEB8-4EB2-BBA9-4D2B942C6EA9}"
EndProject
Project("{FAE04EC0-301F-11D3-BF4B-00C04F79EFBC}") = "SpectrumSampleApp.Droid", "src\SpectrumSampleApp.Droid\SpectrumSampleApp.Droid.csproj", "{73155AC8-76DB-4062-A120-C0E517BD3EB9}"
EndProject
Project("{FAE04EC0-301F-11D3-BF4B-00C04F79EFBC}") = "SpectrumSampleApp.iOS", "src\SpectrumSampleApp.iOS\SpectrumSampleApp.iOS.csproj", "{38726560-5D4E-4292-A557-63C01DBE4D0C}"
EndProject
Project("{2150E333-8FDC-42A3-9474-1A3956D46DE8}") = "!Solution Items", "!Solution Items", "{97681AC3-3EB7-4503-9E57-E1EF3D4F4D3D}"
	ProjectSection(SolutionItems) = preProject
		.editorconfig = .editorconfig
	EndProjectSection
EndProject
Global
	GlobalSection(SolutionConfigurationPlatforms) = preSolution
		Debug|Any CPU = Debug|Any CPU
		Debug|ARM = Debug|ARM
		Debug|iPhone = Debug|iPhone
		Debug|iPhoneSimulator = Debug|iPhoneSimulator
		Debug|x64 = Debug|x64
		Debug|x86 = Debug|x86
		Release|Any CPU = Release|Any CPU
		Release|ARM = Release|ARM
		Release|iPhone = Release|iPhone
		Release|iPhoneSimulator = Release|iPhoneSimulator
		Release|x64 = Release|x64
		Release|x86 = Release|x86
	EndGlobalSection
	GlobalSection(ProjectConfigurationPlatforms) = postSolution
		{CC7683D3-5B4F-49C5-A895-886B6396677B}.Debug|Any CPU.ActiveCfg = Debug|Any CPU
		{CC7683D3-5B4F-49C5-A895-886B6396677B}.Debug|Any CPU.Build.0 = Debug|Any CPU
		{CC7683D3-5B4F-49C5-A895-886B6396677B}.Debug|ARM.ActiveCfg = Debug|Any CPU
		{CC7683D3-5B4F-49C5-A895-886B6396677B}.Debug|ARM.Build.0 = Debug|Any CPU
		{CC7683D3-5B4F-49C5-A895-886B6396677B}.Debug|iPhone.ActiveCfg = Debug|Any CPU
		{CC7683D3-5B4F-49C5-A895-886B6396677B}.Debug|iPhone.Build.0 = Debug|Any CPU
		{CC7683D3-5B4F-49C5-A895-886B6396677B}.Debug|iPhoneSimulator.ActiveCfg = Debug|Any CPU
		{CC7683D3-5B4F-49C5-A895-886B6396677B}.Debug|iPhoneSimulator.Build.0 = Debug|Any CPU
		{CC7683D3-5B4F-49C5-A895-886B6396677B}.Debug|x64.ActiveCfg = Debug|Any CPU
		{CC7683D3-5B4F-49C5-A895-886B6396677B}.Debug|x64.Build.0 = Debug|Any CPU
		{CC7683D3-5B4F-49C5-A895-886B6396677B}.Debug|x86.ActiveCfg = Debug|Any CPU
		{CC7683D3-5B4F-49C5-A895-886B6396677B}.Debug|x86.Build.0 = Debug|Any CPU
		{CC7683D3-5B4F-49C5-A895-886B6396677B}.Release|Any CPU.ActiveCfg = Release|Any CPU
		{CC7683D3-5B4F-49C5-A895-886B6396677B}.Release|Any CPU.Build.0 = Release|Any CPU
		{CC7683D3-5B4F-49C5-A895-886B6396677B}.Release|ARM.ActiveCfg = Release|Any CPU
		{CC7683D3-5B4F-49C5-A895-886B6396677B}.Release|ARM.Build.0 = Release|Any CPU
		{CC7683D3-5B4F-49C5-A895-886B6396677B}.Release|iPhone.ActiveCfg = Release|Any CPU
		{CC7683D3-5B4F-49C5-A895-886B6396677B}.Release|iPhone.Build.0 = Release|Any CPU
		{CC7683D3-5B4F-49C5-A895-886B6396677B}.Release|iPhoneSimulator.ActiveCfg = Release|Any CPU
		{CC7683D3-5B4F-49C5-A895-886B6396677B}.Release|iPhoneSimulator.Build.0 = Release|Any CPU
		{CC7683D3-5B4F-49C5-A895-886B6396677B}.Release|x64.ActiveCfg = Release|Any CPU
		{CC7683D3-5B4F-49C5-A895-886B6396677B}.Release|x64.Build.0 = Release|Any CPU
		{CC7683D3-5B4F-49C5-A895-886B6396677B}.Release|x86.ActiveCfg = Release|Any CPU
		{CC7683D3-5B4F-49C5-A895-886B6396677B}.Release|x86.Build.0 = Release|Any CPU
		{AE2B3B6C-FEB8-4EB2-BBA9-4D2B942C6EA9}.Debug|Any CPU.ActiveCfg = Debug|Any CPU
		{AE2B3B6C-FEB8-4EB2-BBA9-4D2B942C6EA9}.Debug|Any CPU.Build.0 = Debug|Any CPU
		{AE2B3B6C-FEB8-4EB2-BBA9-4D2B942C6EA9}.Debug|ARM.ActiveCfg = Debug|Any CPU
		{AE2B3B6C-FEB8-4EB2-BBA9-4D2B942C6EA9}.Debug|ARM.Build.0 = Debug|Any CPU
		{AE2B3B6C-FEB8-4EB2-BBA9-4D2B942C6EA9}.Debug|iPhone.ActiveCfg = Debug|Any CPU
		{AE2B3B6C-FEB8-4EB2-BBA9-4D2B942C6EA9}.Debug|iPhone.Build.0 = Debug|Any CPU
		{AE2B3B6C-FEB8-4EB2-BBA9-4D2B942C6EA9}.Debug|iPhoneSimulator.ActiveCfg = Debug|Any CPU
		{AE2B3B6C-FEB8-4EB2-BBA9-4D2B942C6EA9}.Debug|iPhoneSimulator.Build.0 = Debug|Any CPU
		{AE2B3B6C-FEB8-4EB2-BBA9-4D2B942C6EA9}.Debug|x64.ActiveCfg = Debug|Any CPU
		{AE2B3B6C-FEB8-4EB2-BBA9-4D2B942C6EA9}.Debug|x64.Build.0 = Debug|Any CPU
		{AE2B3B6C-FEB8-4EB2-BBA9-4D2B942C6EA9}.Debug|x86.ActiveCfg = Debug|Any CPU
		{AE2B3B6C-FEB8-4EB2-BBA9-4D2B942C6EA9}.Debug|x86.Build.0 = Debug|Any CPU
		{AE2B3B6C-FEB8-4EB2-BBA9-4D2B942C6EA9}.Release|Any CPU.ActiveCfg = Release|Any CPU
		{AE2B3B6C-FEB8-4EB2-BBA9-4D2B942C6EA9}.Release|Any CPU.Build.0 = Release|Any CPU
		{AE2B3B6C-FEB8-4EB2-BBA9-4D2B942C6EA9}.Release|ARM.ActiveCfg = Release|Any CPU
		{AE2B3B6C-FEB8-4EB2-BBA9-4D2B942C6EA9}.Release|ARM.Build.0 = Release|Any CPU
		{AE2B3B6C-FEB8-4EB2-BBA9-4D2B942C6EA9}.Release|iPhone.ActiveCfg = Release|Any CPU
		{AE2B3B6C-FEB8-4EB2-BBA9-4D2B942C6EA9}.Release|iPhone.Build.0 = Release|Any CPU
		{AE2B3B6C-FEB8-4EB2-BBA9-4D2B942C6EA9}.Release|iPhoneSimulator.ActiveCfg = Release|Any CPU
		{AE2B3B6C-FEB8-4EB2-BBA9-4D2B942C6EA9}.Release|iPhoneSimulator.Build.0 = Release|Any CPU
		{AE2B3B6C-FEB8-4EB2-BBA9-4D2B942C6EA9}.Release|x64.ActiveCfg = Release|Any CPU
		{AE2B3B6C-FEB8-4EB2-BBA9-4D2B942C6EA9}.Release|x64.Build.0 = Release|Any CPU
		{AE2B3B6C-FEB8-4EB2-BBA9-4D2B942C6EA9}.Release|x86.ActiveCfg = Release|Any CPU
		{AE2B3B6C-FEB8-4EB2-BBA9-4D2B942C6EA9}.Release|x86.Build.0 = Release|Any CPU
		{73155AC8-76DB-4062-A120-C0E517BD3EB9}.Debug|Any CPU.ActiveCfg = Debug|Any CPU
		{73155AC8-76DB-4062-A120-C0E517BD3EB9}.Debug|Any CPU.Build.0 = Debug|Any CPU
		{73155AC8-76DB-4062-A120-C0E517BD3EB9}.Debug|Any CPU.Deploy.0 = Debug|Any CPU
		{73155AC8-76DB-4062-A120-C0E517BD3EB9}.Debug|ARM.ActiveCfg = Debug|Any CPU
		{73155AC8-76DB-4062-A120-C0E517BD3EB9}.Debug|ARM.Build.0 = Debug|Any CPU
		{73155AC8-76DB-4062-A120-C0E517BD3EB9}.Debug|ARM.Deploy.0 = Debug|Any CPU
		{73155AC8-76DB-4062-A120-C0E517BD3EB9}.Debug|iPhone.ActiveCfg = Debug|Any CPU
		{73155AC8-76DB-4062-A120-C0E517BD3EB9}.Debug|iPhone.Build.0 = Debug|Any CPU
		{73155AC8-76DB-4062-A120-C0E517BD3EB9}.Debug|iPhone.Deploy.0 = Debug|Any CPU
		{73155AC8-76DB-4062-A120-C0E517BD3EB9}.Debug|iPhoneSimulator.ActiveCfg = Debug|Any CPU
		{73155AC8-76DB-4062-A120-C0E517BD3EB9}.Debug|iPhoneSimulator.Build.0 = Debug|Any CPU
		{73155AC8-76DB-4062-A120-C0E517BD3EB9}.Debug|iPhoneSimulator.Deploy.0 = Debug|Any CPU
		{73155AC8-76DB-4062-A120-C0E517BD3EB9}.Debug|x64.ActiveCfg = Debug|Any CPU
		{73155AC8-76DB-4062-A120-C0E517BD3EB9}.Debug|x64.Build.0 = Debug|Any CPU
		{73155AC8-76DB-4062-A120-C0E517BD3EB9}.Debug|x64.Deploy.0 = Debug|Any CPU
		{73155AC8-76DB-4062-A120-C0E517BD3EB9}.Debug|x86.ActiveCfg = Debug|Any CPU
		{73155AC8-76DB-4062-A120-C0E517BD3EB9}.Debug|x86.Build.0 = Debug|Any CPU
		{73155AC8-76DB-4062-A120-C0E517BD3EB9}.Debug|x86.Deploy.0 = Debug|Any CPU
		{73155AC8-76DB-4062-A120-C0E517BD3EB9}.Release|Any CPU.ActiveCfg = Release|Any CPU
		{73155AC8-76DB-4062-A120-C0E517BD3EB9}.Release|Any CPU.Build.0 = Release|Any CPU
		{73155AC8-76DB-4062-A120-C0E517BD3EB9}.Release|Any CPU.Deploy.0 = Release|Any CPU
		{73155AC8-76DB-4062-A120-C0E517BD3EB9}.Release|ARM.ActiveCfg = Release|Any CPU
		{73155AC8-76DB-4062-A120-C0E517BD3EB9}.Release|ARM.Build.0 = Release|Any CPU
		{73155AC8-76DB-4062-A120-C0E517BD3EB9}.Release|ARM.Deploy.0 = Release|Any CPU
		{73155AC8-76DB-4062-A120-C0E517BD3EB9}.Release|iPhone.ActiveCfg = Release|Any CPU
		{73155AC8-76DB-4062-A120-C0E517BD3EB9}.Release|iPhone.Build.0 = Release|Any CPU
		{73155AC8-76DB-4062-A120-C0E517BD3EB9}.Release|iPhone.Deploy.0 = Release|Any CPU
		{73155AC8-76DB-4062-A120-C0E517BD3EB9}.Release|iPhoneSimulator.ActiveCfg = Release|Any CPU
		{73155AC8-76DB-4062-A120-C0E517BD3EB9}.Release|iPhoneSimulator.Build.0 = Release|Any CPU
		{73155AC8-76DB-4062-A120-C0E517BD3EB9}.Release|iPhoneSimulator.Deploy.0 = Release|Any CPU
		{73155AC8-76DB-4062-A120-C0E517BD3EB9}.Release|x64.ActiveCfg = Release|Any CPU
		{73155AC8-76DB-4062-A120-C0E517BD3EB9}.Release|x64.Build.0 = Release|Any CPU
		{73155AC8-76DB-4062-A120-C0E517BD3EB9}.Release|x64.Deploy.0 = Release|Any CPU
		{73155AC8-76DB-4062-A120-C0E517BD3EB9}.Release|x86.ActiveCfg = Release|Any CPU
		{73155AC8-76DB-4062-A120-C0E517BD3EB9}.Release|x86.Build.0 = Release|Any CPU
		{73155AC8-76DB-4062-A120-C0E517BD3EB9}.Release|x86.Deploy.0 = Release|Any CPU
		{38726560-5D4E-4292-A557-63C01DBE4D0C}.Debug|Any CPU.ActiveCfg = Debug|iPhone
		{38726560-5D4E-4292-A557-63C01DBE4D0C}.Debug|Any CPU.Build.0 = Debug|iPhone
		{38726560-5D4E-4292-A557-63C01DBE4D0C}.Debug|ARM.ActiveCfg = Debug|iPhone
		{38726560-5D4E-4292-A557-63C01DBE4D0C}.Debug|iPhone.ActiveCfg = Debug|iPhone
		{38726560-5D4E-4292-A557-63C01DBE4D0C}.Debug|iPhone.Build.0 = Debug|iPhone
		{38726560-5D4E-4292-A557-63C01DBE4D0C}.Debug|iPhone.Deploy.0 = Debug|iPhone
		{38726560-5D4E-4292-A557-63C01DBE4D0C}.Debug|iPhoneSimulator.ActiveCfg = Debug|iPhoneSimulator
		{38726560-5D4E-4292-A557-63C01DBE4D0C}.Debug|iPhoneSimulator.Build.0 = Debug|iPhoneSimulator
		{38726560-5D4E-4292-A557-63C01DBE4D0C}.Debug|iPhoneSimulator.Deploy.0 = Debug|iPhoneSimulator
		{38726560-5D4E-4292-A557-63C01DBE4D0C}.Debug|x64.ActiveCfg = Debug|iPhone
		{38726560-5D4E-4292-A557-63C01DBE4D0C}.Debug|x86.ActiveCfg = Debug|iPhone
		{38726560-5D4E-4292-A557-63C01DBE4D0C}.Release|Any CPU.ActiveCfg = Release|iPhone
		{38726560-5D4E-4292-A557-63C01DBE4D0C}.Release|ARM.ActiveCfg = Release|iPhone
		{38726560-5D4E-4292-A557-63C01DBE4D0C}.Release|iPhone.ActiveCfg = Release|iPhone
		{38726560-5D4E-4292-A557-63C01DBE4D0C}.Release|iPhone.Build.0 = Release|iPhone
		{38726560-5D4E-4292-A557-63C01DBE4D0C}.Release|iPhone.Deploy.0 = Release|iPhone
		{38726560-5D4E-4292-A557-63C01DBE4D0C}.Release|iPhoneSimulator.ActiveCfg = Release|iPhoneSimulator
		{38726560-5D4E-4292-A557-63C01DBE4D0C}.Release|iPhoneSimulator.Build.0 = Release|iPhoneSimulator
		{38726560-5D4E-4292-A557-63C01DBE4D0C}.Release|iPhoneSimulator.Deploy.0 = Release|iPhoneSimulator
		{38726560-5D4E-4292-A557-63C01DBE4D0C}.Release|x64.ActiveCfg = Release|iPhone
		{38726560-5D4E-4292-A557-63C01DBE4D0C}.Release|x86.ActiveCfg = Release|iPhone
	EndGlobalSection
	GlobalSection(SolutionProperties) = preSolution
		HideSolutionNode = FALSE
	EndGlobalSection
	GlobalSection(ExtensibilityGlobals) = postSolution
		SolutionGuid = {BC65E5B1-7E44-40A7-9D1E-A95EA5901D81}
	EndGlobalSection
EndGlobal
